
Microsoft Visual Studio Solution File, Format Version 12.00
# Visual Studio Version 16
VisualStudioVersion = 16.0.30320.27
MinimumVisualStudioVersion = 10.0.40219.1
Project("{FAE04EC0-301F-11D3-BF4B-00C04F79EFBC}") = "ConsoleAppKlassi_2", "ConsoleAppKlassi_2\ConsoleAppKlassi_2.csproj", "{B40AA8DD-97A3-493C-8A17-8376F21C8196}"
EndProject
Global
	GlobalSection(SolutionConfigurationPlatforms) = preSolution
		Debug|Any CPU = Debug|Any CPU
		Release|Any CPU = Release|Any CPU
	EndGlobalSection
	GlobalSection(ProjectConfigurationPlatforms) = postSolution
		{B40AA8DD-97A3-493C-8A17-8376F21C8196}.Debug|Any CPU.ActiveCfg = Debug|Any CPU
		{B40AA8DD-97A3-493C-8A17-8376F21C8196}.Debug|Any CPU.Build.0 = Debug|Any CPU
		{B40AA8DD-97A3-493C-8A17-8376F21C8196}.Release|Any CPU.ActiveCfg = Release|Any CPU
		{B40AA8DD-97A3-493C-8A17-8376F21C8196}.Release|Any CPU.Build.0 = Release|Any CPU
	EndGlobalSection
	GlobalSection(SolutionProperties) = preSolution
		HideSolutionNode = FALSE
	EndGlobalSection
	GlobalSection(ExtensibilityGlobals) = postSolution
		SolutionGuid = {005B394B-A46D-4925-BCD8-628986C246A0}
	EndGlobalSection
EndGlobal
